{
  "version": 4,
  "terraform_version": "1.6.2",
  "serial": 43,
  "lineage": "8a627ce8-84ac-a29a-33a9-20e8f3c1b685",
  "outputs": {},
  "resources": [
    {
      "mode": "managed",
      "type": "helm_release",
      "name": "eg",
      "provider": "provider[\"registry.opentofu.org/hashicorp/helm\"]",
      "instances": [
        {
          "schema_version": 1,
          "attributes": {
            "atomic": false,
            "chart": "gateway-helm",
            "cleanup_on_fail": false,
            "create_namespace": false,
            "dependency_update": false,
            "description": null,
            "devel": null,
            "disable_crd_hooks": false,
            "disable_openapi_validation": false,
            "disable_webhooks": false,
            "force_update": false,
            "id": "eg",
            "keyring": null,
            "lint": false,
            "manifest": null,
            "max_history": 0,
            "metadata": [
              {
                "app_version": "v1.0.1",
                "chart": "gateway-helm",
                "name": "eg",
                "namespace": "envoy-gateway-system",
                "revision": 1,
                "values": "{}",
                "version": "v1.0.1"
              }
            ],
            "name": "eg",
            "namespace": "envoy-gateway-system",
            "pass_credentials": false,
            "postrender": [],
            "recreate_pods": false,
            "render_subchart_notes": true,
            "replace": false,
            "repository": "oci://docker.io/envoyproxy",
            "repository_ca_file": null,
            "repository_cert_file": null,
            "repository_key_file": null,
            "repository_password": null,
            "repository_username": null,
            "reset_values": false,
            "reuse_values": false,
            "set": [],
            "set_list": [],
            "set_sensitive": [],
            "skip_crds": false,
            "status": "deployed",
            "timeout": 300,
            "values": null,
            "verify": false,
            "version": "v1.0.1",
            "wait": true,
            "wait_for_jobs": false
          },
          "sensitive_attributes": [],
          "private": "eyJzY2hlbWFfdmVyc2lvbiI6IjEifQ=="
        }
      ]
    },
    {
      "mode": "managed",
      "type": "kubectl_manifest",
      "name": "Gateway",
      "provider": "provider[\"registry.opentofu.org/gavinbunney/kubectl\"]",
      "instances": [
        {
          "schema_version": 1,
          "attributes": {
            "api_version": "gateway.networking.k8s.io/v1",
            "apply_only": false,
            "force_conflicts": false,
            "force_new": false,
            "id": "/apis/gateway.networking.k8s.io/v1/namespaces/default/gateways/eg",
            "ignore_fields": null,
            "kind": "Gateway",
            "live_manifest_incluster": "f0589773471a71ac0b741127aa1cda7fcadb1964b178913c5431d150d55d5b61",
            "live_uid": "8fd3e4d3-e8fe-452b-bc38-9988528630c5",
            "name": "eg",
            "namespace": null,
            "override_namespace": null,
            "sensitive_fields": null,
            "server_side_apply": false,
            "timeouts": null,
            "uid": "8fd3e4d3-e8fe-452b-bc38-9988528630c5",
            "validate_schema": true,
            "wait": null,
            "wait_for_rollout": true,
            "yaml_body": "apiVersion: gateway.networking.k8s.io/v1\nkind: Gateway\nmetadata:\n  name: eg\nspec:\n  gatewayClassName: eg\n  listeners:\n      \n    - name: http\n      allowedRoutes:\n            namespaces:\n              from: All        \n      protocol: HTTP\n      port: 80\n    - name: tcp\n      protocol: TCP\n      port: 8089\n      allowedRoutes:\n        kinds:\n        - kind: TCPRoute          \n",
            "yaml_body_parsed": "apiVersion: gateway.networking.k8s.io/v1\nkind: Gateway\nmetadata:\n  name: eg\nspec:\n  gatewayClassName: eg\n  listeners:\n  - allowedRoutes:\n      namespaces:\n        from: All\n    name: http\n    port: 80\n    protocol: HTTP\n  - allowedRoutes:\n      kinds:\n      - kind: TCPRoute\n    name: tcp\n    port: 8089\n    protocol: TCP\n",
            "yaml_incluster": "f0589773471a71ac0b741127aa1cda7fcadb1964b178913c5431d150d55d5b61"
          },
          "sensitive_attributes": [],
          "private": "eyJlMmJmYjczMC1lY2FhLTExZTYtOGY4OC0zNDM2M2JjN2M0YzAiOnsiY3JlYXRlIjo2MDAwMDAwMDAwMDB9LCJzY2hlbWFfdmVyc2lvbiI6IjEifQ=="
        }
      ]
    },
    {
      "mode": "managed",
      "type": "kubectl_manifest",
      "name": "GatewayClass",
      "provider": "provider[\"registry.opentofu.org/gavinbunney/kubectl\"]",
      "instances": [
        {
          "schema_version": 1,
          "attributes": {
            "api_version": "gateway.networking.k8s.io/v1",
            "apply_only": false,
            "force_conflicts": false,
            "force_new": false,
            "id": "/apis/gateway.networking.k8s.io/v1/gatewayclasses/eg",
            "ignore_fields": null,
            "kind": "GatewayClass",
            "live_manifest_incluster": "9bfd2d9e486a7fb91ea57bda59708a6d47f4183f00e3ca34bc9e0b08da227dc1",
            "live_uid": "b6f56310-bddb-4f52-a48d-e0d2df89f38e",
            "name": "eg",
            "namespace": null,
            "override_namespace": null,
            "sensitive_fields": null,
            "server_side_apply": false,
            "timeouts": null,
            "uid": "b6f56310-bddb-4f52-a48d-e0d2df89f38e",
            "validate_schema": true,
            "wait": null,
            "wait_for_rollout": true,
            "yaml_body": "apiVersion: gateway.networking.k8s.io/v1\nkind: GatewayClass\nmetadata:\n  name: eg\nspec:\n  controllerName: gateway.envoyproxy.io/gatewayclass-controller\n",
            "yaml_body_parsed": "apiVersion: gateway.networking.k8s.io/v1\nkind: GatewayClass\nmetadata:\n  name: eg\nspec:\n  controllerName: gateway.envoyproxy.io/gatewayclass-controller\n",
            "yaml_incluster": "9bfd2d9e486a7fb91ea57bda59708a6d47f4183f00e3ca34bc9e0b08da227dc1"
          },
          "sensitive_attributes": [],
          "private": "eyJlMmJmYjczMC1lY2FhLTExZTYtOGY4OC0zNDM2M2JjN2M0YzAiOnsiY3JlYXRlIjo2MDAwMDAwMDAwMDB9LCJzY2hlbWFfdmVyc2lvbiI6IjEifQ=="
        }
      ]
    },
    {
      "mode": "managed",
      "type": "kubernetes_namespace",
      "name": "envoy-gateway-system",
      "provider": "provider[\"registry.opentofu.org/hashicorp/kubernetes\"]",
      "instances": [
        {
          "schema_version": 0,
          "attributes": {
            "id": "envoy-gateway-system",
            "metadata": [
              {
                "annotations": {
                  "name": "envoy-gateway"
                },
                "generate_name": "",
                "generation": 0,
                "labels": {},
                "name": "envoy-gateway-system",
                "resource_version": "54602",
                "uid": "48af7baa-4981-43eb-8475-8d6e3b3d0ca0"
              }
            ],
            "timeouts": null,
            "wait_for_default_service_account": false
          },
          "sensitive_attributes": [],
          "private": "eyJlMmJmYjczMC1lY2FhLTExZTYtOGY4OC0zNDM2M2JjN2M0YzAiOnsiZGVsZXRlIjozMDAwMDAwMDAwMDB9fQ=="
        }
      ]
    }
  ],
  "check_results": null
}
